#MicroXplorer Configuration settings - do not modify
#Wed Jul 01 23:49:01 EEST 2015
ADC1.Channel-4\#ChannelRegularConversion=ADC_CHANNEL_2
ADC1.IPParameters=Channel-4\#ChannelRegularConversion,master
ADC1.master=1
File.Version=5
KeepUserPlacement=false
Mcu.Family=STM32F1
Mcu.IP0=ADC1
Mcu.IP1=I2C1
Mcu.IP2=NVIC
Mcu.IP3=RCC
Mcu.IP4=SYS
Mcu.IP5=TIM2
Mcu.IP6=USART1
Mcu.IPNb=7
Mcu.Name=STM32F103C(8-B)Tx
Mcu.Package=LQFP48
Mcu.Pin0=PD0-OSC_IN
Mcu.Pin1=PD1-OSC_OUT
Mcu.Pin10=PB12
Mcu.Pin11=PB13
Mcu.Pin12=PB14
Mcu.Pin13=PA9
Mcu.Pin14=PA13
Mcu.Pin15=PA14
Mcu.Pin16=PB6
Mcu.Pin17=PB7
Mcu.Pin18=PB8
Mcu.Pin19=PB9
Mcu.Pin2=PA0-WKUP
Mcu.Pin3=PA1
Mcu.Pin4=PA2
Mcu.Pin5=PA3
Mcu.Pin6=PB0
Mcu.Pin7=PB1
Mcu.Pin8=PB10
Mcu.Pin9=PB11
Mcu.PinsNb=20
Mcu.UserName=STM32F103C8Tx
MxCube.Version=4.7.0
MxDb.Version=DB.4.0.70
NVIC.PriorityGroup=NVIC_PRIORITYGROUP_4
NVIC.SysTick_IRQn=true\:0\:0\:false
PA0-WKUP.GPIOParameters=GPIO_ModeDefaultPP,GPIO_Speed,GPIO_Label
PA0-WKUP.GPIO_Label=MOTOR SOL
PA0-WKUP.GPIO_ModeDefaultPP=GPIO_MODE_AF_PP
PA0-WKUP.GPIO_Speed=GPIO_SPEED_LOW
PA0-WKUP.Locked=true
PA0-WKUP.Signal=S_TIM2_CH1_ETR
PA1.GPIOParameters=GPIO_ModeDefaultPP,GPIO_Speed,GPIO_Label
PA1.GPIO_Label=MOTOR SAG
PA1.GPIO_ModeDefaultPP=GPIO_MODE_AF_PP
PA1.GPIO_Speed=GPIO_SPEED_LOW
PA1.Signal=S_TIM2_CH2
PA13.Mode=Serial_Wire
PA13.Signal=SYS_JTMS-SWDIO
PA14.Mode=Serial_Wire
PA14.Signal=SYS_JTCK-SWCLK
PA2.GPIOParameters=GPIO_Label,GPIO_Mode
PA2.GPIO_Label=ON SENSOR
PA2.GPIO_Mode=GPIO_MODE_ANALOG
PA2.Locked=true
PA2.Signal=ADCx_IN2
PA3.GPIOParameters=GPIO_PuPd,GPIO_Label,GPIO_Mode
PA3.GPIO_Label=tim2 ch4 kumanda
PA3.GPIO_Mode=GPIO_MODE_INPUT
PA3.GPIO_PuPd=GPIO_NOPULL
PA3.Signal=S_TIM2_CH4
PA9.GPIOParameters=GPIO_Speed,GPIO_Label,GPIO_ModeDefaultOutputPP
PA9.GPIO_Label=VAKUM
PA9.GPIO_ModeDefaultOutputPP=GPIO_MODE_OUTPUT_PP
PA9.GPIO_Speed=GPIO_SPEED_LOW
PA9.Locked=true
PA9.Signal=GPIO_Output
PB0.GPIOParameters=GPIO_Label
PB0.GPIO_Label=MOTOR SOL 1
PB0.Locked=true
PB0.Signal=GPIO_Output
PB1.GPIOParameters=GPIO_Speed,GPIO_Label,GPIO_ModeDefaultOutputPP
PB1.GPIO_Label=MOTOR SOL 2
PB1.GPIO_ModeDefaultOutputPP=GPIO_MODE_OUTPUT_PP
PB1.GPIO_Speed=GPIO_SPEED_LOW
PB1.Locked=true
PB1.Signal=GPIO_Output
PB10.GPIOParameters=GPIO_Speed,GPIO_Label,GPIO_ModeDefaultOutputPP
PB10.GPIO_Label=MOTOR SAG 1
PB10.GPIO_ModeDefaultOutputPP=GPIO_MODE_OUTPUT_PP
PB10.GPIO_Speed=GPIO_SPEED_LOW
PB10.Locked=true
PB10.Signal=GPIO_Output
PB11.GPIOParameters=GPIO_Speed,GPIO_Label,GPIO_ModeDefaultOutputPP
PB11.GPIO_Label=MOTOR SAG 2
PB11.GPIO_ModeDefaultOutputPP=GPIO_MODE_OUTPUT_PP
PB11.GPIO_Speed=GPIO_SPEED_LOW
PB11.Locked=true
PB11.Signal=GPIO_Output
PB12.GPIOParameters=GPIO_PuPd,GPIO_Label,GPIO_Mode
PB12.GPIO_Label=SOL BIYIK
PB12.GPIO_Mode=GPIO_MODE_INPUT
PB12.GPIO_PuPd=GPIO_NOPULL
PB12.Locked=true
PB12.Signal=GPIO_Input
PB13.GPIOParameters=GPIO_PuPd,GPIO_Label,GPIO_Mode
PB13.GPIO_Label=SAG BIYIK
PB13.GPIO_Mode=GPIO_MODE_INPUT
PB13.GPIO_PuPd=GPIO_NOPULL
PB13.Locked=true
PB13.Signal=GPIO_Input
PB14.GPIOParameters=GPIO_Speed,GPIO_Label,GPIO_ModeDefaultOutputPP
PB14.GPIO_Label=BUZZER
PB14.GPIO_ModeDefaultOutputPP=GPIO_MODE_OUTPUT_PP
PB14.GPIO_Speed=GPIO_SPEED_LOW
PB14.Locked=true
PB14.Signal=GPIO_Output
PB6.Mode=Asynchronous
PB6.Signal=USART1_TX
PB7.Mode=Asynchronous
PB7.Signal=USART1_RX
PB8.Mode=I2C
PB8.Signal=I2C1_SCL
PB9.Mode=I2C
PB9.Signal=I2C1_SDA
PCC.Checker=false
PCC.Family=STM32F1
PCC.MCU=STM32F103C(8-B)Tx
PCC.MXVersion=4.7.0
PCC.PartNumber=STM32F103C8Tx
PCC.Seq0=0
PCC.SubFamily=STM32F103
PCC.Temperature=25
PCC.Vdd=3.3
PD0-OSC_IN.Mode=HSE-External-Oscillator
PD0-OSC_IN.Signal=RCC_OSC_IN
PD1-OSC_OUT.Mode=HSE-External-Oscillator
PD1-OSC_OUT.Signal=RCC_OSC_OUT
RCC.ADCFreqValue=12000000
RCC.ADCPresc=RCC_ADCPCLK2_DIV6
RCC.AHBFreq_Value=72000000
RCC.APB1CLKDivider=RCC_HCLK_DIV2
RCC.APB1Freq_Value=36000000
RCC.APB1TimCLKDivider=1
RCC.APB1TimFreq_Value=36000000
RCC.APB2Freq_Value=72000000
RCC.APB2TimFreq_Value=72000000
RCC.FCLKCortexFreq_Value=72000000
RCC.FamilyName=M
RCC.HCLKFreq_Value=72000000
RCC.HSIState=RCC_HSI_ON
RCC.IPParameters=HSIState,PLLSource,VCOOutput2Freq_Value,PLLMUL,APB1TimFreq_Value,PLLMCOFreq_Value,FamilyName,APB2Freq_Value,APB1CLKDivider,HCLKFreq_Value,PLLSourceVirtualString,FCLKCortexFreq_Value,USBFreq_Value,ADCPresc,AHBFreq_Value,PLLSourceVirtual,ADCFreqValue,TimSysFreq_Value,SYSCLKFreq_VALUE,SYSCLKSource,MCOFreq_Value,APB1Freq_Value,APB1TimCLKDivider,PLLCLKFreq_Value,APB2TimFreq_Value
RCC.MCOFreq_Value=72000000
RCC.PLLCLKFreq_Value=72000000
RCC.PLLMCOFreq_Value=36000000
RCC.PLLMUL=RCC_PLL_MUL9
RCC.PLLSource=RCC_PLLSOURCE_HSE
RCC.PLLSourceVirtual=RCC_PLLSOURCE_HSE
RCC.PLLSourceVirtualString=RCC_PLLSOURCE_HSE
RCC.SYSCLKFreq_VALUE=72000000
RCC.SYSCLKSource=RCC_SYSCLKSOURCE_PLLCLK
RCC.TimSysFreq_Value=9000000
RCC.USBFreq_Value=72000000
RCC.VCOOutput2Freq_Value=8000000
SH.ADCx_IN2.0=ADC1_IN2,IN2
SH.ADCx_IN2.ConfNb=1
SH.S_TIM2_CH1_ETR.0=TIM2_CH1,PWM Generation1 CH1
SH.S_TIM2_CH1_ETR.ConfNb=1
SH.S_TIM2_CH2.0=TIM2_CH2,PWM Generation2 CH2
SH.S_TIM2_CH2.ConfNb=1
SH.S_TIM2_CH4.0=TIM2_CH4,Input_Capture4_from_TI4
SH.S_TIM2_CH4.ConfNb=1
TIM2.Channel-Input_Capture4_from_TI4=TIM_CHANNEL_4
TIM2.Channel-PWM\ Generation2\ CH2=TIM_CHANNEL_2
TIM2.IPParameters=Channel-Input_Capture4_from_TI4,Channel-PWM Generation2 CH2
